
Microsoft Visual Studio Solution File, Format Version 12.00
# Visual Studio Version 17
VisualStudioVersion = 17.2.32630.192
MinimumVisualStudioVersion = 10.0.40219.1
Project("{FAE04EC0-301F-11D3-BF4B-00C04F79EFBC}") = "API", "API\API.csproj", "{B2E2AD0C-1FBE-41F6-BC72-94582AAC34C6}"
EndProject
Project("{FAE04EC0-301F-11D3-BF4B-00C04F79EFBC}") = "Domain", "Domain\Domain.csproj", "{F22DDD66-6BF4-4A00-A43A-A7BB7195BDF0}"
EndProject
Project("{FAE04EC0-301F-11D3-BF4B-00C04F79EFBC}") = "Data", "Data\Data.csproj", "{4D9274E7-1055-4209-9170-CA5365BB21EE}"
EndProject
Global
	GlobalSection(SolutionConfigurationPlatforms) = preSolution
		Debug|Any CPU = Debug|Any CPU
		Release|Any CPU = Release|Any CPU
	EndGlobalSection
	GlobalSection(ProjectConfigurationPlatforms) = postSolution
		{B2E2AD0C-1FBE-41F6-BC72-94582AAC34C6}.Debug|Any CPU.ActiveCfg = Debug|Any CPU
		{B2E2AD0C-1FBE-41F6-BC72-94582AAC34C6}.Debug|Any CPU.Build.0 = Debug|Any CPU
		{B2E2AD0C-1FBE-41F6-BC72-94582AAC34C6}.Release|Any CPU.ActiveCfg = Release|Any CPU
		{B2E2AD0C-1FBE-41F6-BC72-94582AAC34C6}.Release|Any CPU.Build.0 = Release|Any CPU
		{F22DDD66-6BF4-4A00-A43A-A7BB7195BDF0}.Debug|Any CPU.ActiveCfg = Debug|Any CPU
		{F22DDD66-6BF4-4A00-A43A-A7BB7195BDF0}.Debug|Any CPU.Build.0 = Debug|Any CPU
		{F22DDD66-6BF4-4A00-A43A-A7BB7195BDF0}.Release|Any CPU.ActiveCfg = Release|Any CPU
		{F22DDD66-6BF4-4A00-A43A-A7BB7195BDF0}.Release|Any CPU.Build.0 = Release|Any CPU
		{4D9274E7-1055-4209-9170-CA5365BB21EE}.Debug|Any CPU.ActiveCfg = Debug|Any CPU
		{4D9274E7-1055-4209-9170-CA5365BB21EE}.Debug|Any CPU.Build.0 = Debug|Any CPU
		{4D9274E7-1055-4209-9170-CA5365BB21EE}.Release|Any CPU.ActiveCfg = Release|Any CPU
		{4D9274E7-1055-4209-9170-CA5365BB21EE}.Release|Any CPU.Build.0 = Release|Any CPU
	EndGlobalSection
	GlobalSection(SolutionProperties) = preSolution
		HideSolutionNode = FALSE
	EndGlobalSection
	GlobalSection(ExtensibilityGlobals) = postSolution
		SolutionGuid = {BAF9752B-CE71-4D78-A75C-14EAA68BEDED}
	EndGlobalSection
EndGlobal
